
Microsoft Visual Studio Solution File, Format Version 12.00
# Visual Studio for Mac
Project("{FAE04EC0-301F-11D3-BF4B-00C04F79EFBC}") = "BSA Simulator.Plugins", "BSA Simulator.Plugins.csproj", "{E63387FF-DD28-F766-BD6D-3D6E3EE60D85}"
EndProject
Project("{FAE04EC0-301F-11D3-BF4B-00C04F79EFBC}") = "BSA Simulator", "BSA Simulator.csproj", "{1D8ADE69-B851-24B3-9043-3AD285DAF081}"
EndProject
Project("{FAE04EC0-301F-11D3-BF4B-00C04F79EFBC}") = "BSA Simulator.Editor.Plugins", "BSA Simulator.Editor.Plugins.csproj", "{33AB1EDE-7E7A-AF45-67DE-45A8DDD93E47}"
EndProject
Global
	GlobalSection(SolutionConfigurationPlatforms) = preSolution
		Debug|Any CPU = Debug|Any CPU
		Release|Any CPU = Release|Any CPU
	EndGlobalSection
	GlobalSection(ProjectConfigurationPlatforms) = postSolution
		{E63387FF-DD28-F766-BD6D-3D6E3EE60D85}.Debug|Any CPU.ActiveCfg = Debug|Any CPU
		{E63387FF-DD28-F766-BD6D-3D6E3EE60D85}.Debug|Any CPU.Build.0 = Debug|Any CPU
		{E63387FF-DD28-F766-BD6D-3D6E3EE60D85}.Release|Any CPU.ActiveCfg = Release|Any CPU
		{E63387FF-DD28-F766-BD6D-3D6E3EE60D85}.Release|Any CPU.Build.0 = Release|Any CPU
		{1D8ADE69-B851-24B3-9043-3AD285DAF081}.Debug|Any CPU.ActiveCfg = Debug|Any CPU
		{1D8ADE69-B851-24B3-9043-3AD285DAF081}.Debug|Any CPU.Build.0 = Debug|Any CPU
		{1D8ADE69-B851-24B3-9043-3AD285DAF081}.Release|Any CPU.ActiveCfg = Release|Any CPU
		{1D8ADE69-B851-24B3-9043-3AD285DAF081}.Release|Any CPU.Build.0 = Release|Any CPU
		{33AB1EDE-7E7A-AF45-67DE-45A8DDD93E47}.Debug|Any CPU.ActiveCfg = Debug|Any CPU
		{33AB1EDE-7E7A-AF45-67DE-45A8DDD93E47}.Debug|Any CPU.Build.0 = Debug|Any CPU
		{33AB1EDE-7E7A-AF45-67DE-45A8DDD93E47}.Release|Any CPU.ActiveCfg = Release|Any CPU
		{33AB1EDE-7E7A-AF45-67DE-45A8DDD93E47}.Release|Any CPU.Build.0 = Release|Any CPU
	EndGlobalSection
	GlobalSection(SolutionProperties) = preSolution
		HideSolutionNode = FALSE
	EndGlobalSection
EndGlobal
